
Microsoft Visual Studio Solution File, Format Version 12.00
# Visual Studio Version 16
VisualStudioVersion = 16.0.30128.74
MinimumVisualStudioVersion = 10.0.40219.1
Project("{FAE04EC0-301F-11D3-BF4B-00C04F79EFBC}") = "moonlight", "moonlight\moonlight.csproj", "{F199990B-2B5B-4D22-A0C8-8E3C90F62F72}"
EndProject
Global
	GlobalSection(SolutionConfigurationPlatforms) = preSolution
		Debug|Any CPU = Debug|Any CPU
		Release|Any CPU = Release|Any CPU
	EndGlobalSection
	GlobalSection(ProjectConfigurationPlatforms) = postSolution
		{F199990B-2B5B-4D22-A0C8-8E3C90F62F72}.Debug|Any CPU.ActiveCfg = Debug|Any CPU
		{F199990B-2B5B-4D22-A0C8-8E3C90F62F72}.Debug|Any CPU.Build.0 = Debug|Any CPU
		{F199990B-2B5B-4D22-A0C8-8E3C90F62F72}.Release|Any CPU.ActiveCfg = Release|Any CPU
		{F199990B-2B5B-4D22-A0C8-8E3C90F62F72}.Release|Any CPU.Build.0 = Release|Any CPU
	EndGlobalSection
	GlobalSection(SolutionProperties) = preSolution
		HideSolutionNode = FALSE
	EndGlobalSection
	GlobalSection(ExtensibilityGlobals) = postSolution
		SolutionGuid = {63532060-DFB4-403A-A4D1-AD98C87B979D}
	EndGlobalSection
EndGlobal
